
Microsoft Visual Studio Solution File, Format Version 12.00
# Visual Studio 2013
VisualStudioVersion = 12.0.40629.0
MinimumVisualStudioVersion = 10.0.40219.1
Project("{FAE04EC0-301F-11D3-BF4B-00C04F79EFBC}") = "AWSTest1", "AWSTest1\AWSTest1.csproj", "{A645D202-D1DB-45AE-B383-2BF35C2FCC68}"
EndProject
Global
	GlobalSection(SolutionConfigurationPlatforms) = preSolution
		Debug|Any CPU = Debug|Any CPU
		Release|Any CPU = Release|Any CPU
	EndGlobalSection
	GlobalSection(ProjectConfigurationPlatforms) = postSolution
		{A645D202-D1DB-45AE-B383-2BF35C2FCC68}.Debug|Any CPU.ActiveCfg = Debug|Any CPU
		{A645D202-D1DB-45AE-B383-2BF35C2FCC68}.Debug|Any CPU.Build.0 = Debug|Any CPU
		{A645D202-D1DB-45AE-B383-2BF35C2FCC68}.Release|Any CPU.ActiveCfg = Release|Any CPU
		{A645D202-D1DB-45AE-B383-2BF35C2FCC68}.Release|Any CPU.Build.0 = Release|Any CPU
	EndGlobalSection
	GlobalSection(SolutionProperties) = preSolution
		HideSolutionNode = FALSE
	EndGlobalSection
EndGlobal
